{
  "lockfile-version": 1,
  "manifest": {
    "schema-version": "1.17.0",
    "install": {
      "cargo": {
        "pkg-path": "cargo"
      },
      "clang": {
        "pkg-path": "clang"
      },
      "gcc-runtime": {
        "pkg-path": "gcc-unwrapped",
        "systems": [
          "aarch64-linux",
          "x86_64-linux"
        ],
        "outputs": [
          "lib",
          "libgcc"
        ]
      },
      "glibc": {
        "pkg-path": "glibc",
        "systems": [
          "aarch64-linux",
          "x86_64-linux"
        ],
        "outputs": [
          "out"
        ]
      },
      "libiconv": {
        "pkg-path": "libiconv",
        "systems": [
          "aarch64-darwin"
        ]
      },
      "pkg-config": {
        "pkg-path": "pkg-config"
      },
      "rustc": {
        "pkg-path": "rustc"
      }
    },
    "options": {
      "systems": [
        "aarch64-darwin",
        "aarch64-linux",
        "x86_64-linux"
      ]
    },
    "build": {
      "decompose": {
        "command": "  set -euo pipefail\n  cargo build --release --locked\n  mkdir -p \"$out/bin\"\n  install -m755 target/release/decompose \"$out/bin/decompose\"\n  mkdir -p \"$out/share/bash-completion/completions\" \\\n    \"$out/share/zsh/site-functions\" \"$out/share/fish/vendor_completions.d\"\n  \"$out/bin/decompose\" completion bash > \"$out/share/bash-completion/completions/decompose\"\n  \"$out/bin/decompose\" completion zsh > \"$out/share/zsh/site-functions/_decompose\"\n  \"$out/bin/decompose\" completion fish > \"$out/share/fish/vendor_completions.d/decompose.fish\"\n",
        "runtime-packages": [
          "glibc",
          "gcc-runtime",
          "libiconv"
        ],
        "sandbox": "off",
        "version": {
          "command": "sed -n 's/^version = \"\\(.*\\)\"/\\1/p' Cargo.toml"
        },
        "description": "A process orchestrator for local development"
      }
    }
  },
  "packages": [
    {
      "attr_path": "cargo",
      "broken": false,
      "derivation": "/nix/store/2hlfcd4r72ccp6vpz1c37b3vqjpnnagc-cargo-1.98.1.drv",
      "description": "Downloads your Rust project's dependencies and builds your project",
      "install_id": "cargo",
      "license": "[ MIT, Apache-2.0 ]",
      "locked_url": "https://github.com/flox/nixpkgs?rev=494ce7fd23ff6a5dff39e1fb11e9b6f2ac74bf25",
      "name": "cargo-1.98.1",
      "pname": "cargo",
      "rev": "494ce7fd23ff6a5dff39e1fb11e9b6f2ac74bf25",
      "rev_count": 1085777,
      "rev_date": "2026-10-05T05:43:54Z",
      "scrape_date": "2026-10-06T05:00:37.437831Z",
      "stabilities": [
        "unstable"
      ],
      "unfree": false,
      "version": "1.98.1",
      "outputs_to_install": [
        "out"
      ],
      "outputs": {
        "out": "/nix/store/z76zwygvlbbapfasr22i7xxrsi9w2wm6-cargo-1.98.1"
      },
      "system": "aarch64-darwin",
      "group": "toplevel",
      "priority": 5
    },
    {
      "attr_path": "cargo",
      "broken": false,
      "derivation": "/nix/store/6j6yyfrzrkcc3bl3g0dnp3r7n9bdrasx-cargo-1.98.1.drv",
      "description": "Downloads your Rust project's dependencies and builds your project",
      "install_id": "cargo",
      "license": "[ MIT, Apache-2.0 ]",
      "locked_url": "https://github.com/flox/nixpkgs?rev=494ce7fd23ff6a5dff39e1fb11e9b6f2ac74bf25",
      "name": "cargo-1.98.1",
      "pname": "cargo",
      "rev": "494ce7fd23ff6a5dff39e1fb11e9b6f2ac74bf25",
      "rev_count": 1085777,
      "rev_date": "2026-10-05T05:43:54Z",
      "scrape_date": "2026-10-06T05:33:53.528839Z",
      "stabilities": [
        "unstable"
      ],
      "unfree": false,
      "version": "1.98.1",
      "outputs_to_install": [
        "out"
      ],
      "outputs": {
        "out": "/nix/store/4xg2np6a2m3ff0camgca44rb5h8g71nl-cargo-1.98.1"
      },
      "system": "aarch64-linux",
      "group": "toplevel",
      "priority": 5
    },
    {
      "attr_path": "cargo",
      "broken": false,
      "derivation": "/nix/store/21innvbx093vkgdpi0bsllx84cxgb7b1-cargo-1.98.1.drv",
      "description": "Downloads your Rust project's dependencies and builds your project",
      "install_id": "cargo",
      "license": "[ MIT, Apache-2.0 ]",
      "locked_url": "https://github.com/flox/nixpkgs?rev=494ce7fd23ff6a5dff39e1fb11e9b6f2ac74bf25",
      "name": "cargo-1.98.1",
      "pname": "cargo",
      "rev": "494ce7fd23ff6a5dff39e1fb11e9b6f2ac74bf25",
      "rev_count": 1085777,
      "rev_date": "2026-10-05T05:43:54Z",
      "scrape_date": "2026-10-06T06:11:14.210251Z",
      "stabilities": [
        "unstable"
      ],
      "unfree": false,
      "version": "1.98.1",
      "outputs_to_install": [
        "out"
      ],
      "outputs": {
        "out": "/nix/store/gmgfpzc0w2pgby0lmq9r88m39albiyfw-cargo-1.98.1"
      },
      "system": "x86_64-linux",
      "group": "toplevel",
      "priority": 5
    },
    {
      "attr_path": "clang",
      "broken": false,
      "derivation": "/nix/store/jd1knga55836kspjgzmvjy7mgf9j800z-clang-wrapper-21.1.8.drv",
      "description": "C language family frontend for LLVM (wrapper script)",
      "install_id": "clang",
      "license": "[ NCSA, [ Apache-2.0 LLVM-exception ] ]",
      "locked_url": "https://github.com/flox/nixpkgs?rev=494ce7fd23ff6a5dff39e1fb11e9b6f2ac74bf25",
      "name": "clang-wrapper-21.1.8",
      "pname": "clang",
      "rev": "494ce7fd23ff6a5dff39e1fb11e9b6f2ac74bf25",
      "rev_count": 1085777,
      "rev_date": "2026-10-05T05:43:54Z",
      "scrape_date": "2026-10-06T05:00:37.673946Z",
      "stabilities": [
        "unstable"
      ],
      "unfree": false,
      "version": "21.1.8",
      "outputs_to_install": [
        "out"
      ],
      "outputs": {
        "out": "/nix/store/v1zb8pqd25hsj0wd748nfczsa8ygciba-clang-wrapper-21.1.8"
      },
      "system": "aarch64-darwin",
      "group": "toplevel",
      "priority": 5
    },
    {
      "attr_path": "clang",
      "broken": false,
      "derivation": "/nix/store/zj310sa53vy6f91zb7ls0kippgxjgv5g-clang-wrapper-21.1.8.drv",
      "description": "C language family frontend for LLVM (wrapper script)",
      "install_id": "clang",
      "license": "[ NCSA, [ Apache-2.0 LLVM-exception ] ]",
      "locked_url": "https://github.com/flox/nixpkgs?rev=494ce7fd23ff6a5dff39e1fb11e9b6f2ac74bf25",
      "name": "clang-wrapper-21.1.8",
      "pname": "clang",
      "rev": "494ce7fd23ff6a5dff39e1fb11e9b6f2ac74bf25",
      "rev_count": 1085777,
      "rev_date": "2026-10-05T05:43:54Z",
      "scrape_date": "2026-10-06T05:33:53.814418Z",
      "stabilities": [
        "unstable"
      ],
      "unfree": false,
      "version": "21.1.8",
      "outputs_to_install": [
        "out"
      ],
      "outputs": {
        "out": "/nix/store/gzngzbvfpbznl72z728pyf7xh93cidjk-clang-wrapper-21.1.8"
      },
      "system": "aarch64-linux",
      "group": "toplevel",
      "priority": 5
    },
    {
      "attr_path": "clang",
      "broken": false,
      "derivation": "/nix/store/hny6ydylzz5h1flpcjrr50xk35q7hakn-clang-wrapper-21.1.8.drv",
      "description": "C language family frontend for LLVM (wrapper script)",
      "install_id": "clang",
      "license": "[ NCSA, [ Apache-2.0 LLVM-exception ] ]",
      "locked_url": "https://github.com/flox/nixpkgs?rev=494ce7fd23ff6a5dff39e1fb11e9b6f2ac74bf25",
      "name": "clang-wrapper-21.1.8",
      "pname": "clang",
      "rev": "494ce7fd23ff6a5dff39e1fb11e9b6f2ac74bf25",
      "rev_count": 1085777,
      "rev_date": "2026-10-05T05:43:54Z",
      "scrape_date": "2026-10-06T06:11:14.499831Z",
      "stabilities": [
        "unstable"
      ],
      "unfree": false,
      "version": "21.1.8",
      "outputs_to_install": [
        "out"
      ],
      "outputs": {
        "out": "/nix/store/2msw5nclhpsm80z65dqmjiv8kkras989-clang-wrapper-21.1.8"
      },
      "system": "x86_64-linux",
      "group": "toplevel",
      "priority": 5
    },
    {
      "attr_path": "gcc-unwrapped",
      "broken": false,
      "derivation": "/nix/store/kigysahjgxscn08h0d64vwf1xryxqza9-gcc-16.2.0.drv",
      "description": "GNU Compiler Collection, version 16.2.0",
      "install_id": "gcc-runtime",
      "license": "GPL-3.0-or-later",
      "locked_url": "https://github.com/flox/nixpkgs?rev=494ce7fd23ff6a5dff39e1fb11e9b6f2ac74bf25",
      "name": "gcc-16.2.0",
      "pname": "gcc-unwrapped",
      "rev": "494ce7fd23ff6a5dff39e1fb11e9b6f2ac74bf25",
      "rev_count": 1085777,
      "rev_date": "2026-10-05T05:43:54Z",
      "scrape_date": "2026-10-06T05:33:55.118980Z",
      "stabilities": [
        "unstable"
      ],
      "unfree": false,
      "version": "16.2.0",
      "outputs_to_install": [
        "man",
        "out",
        "out"
      ],
      "outputs": {
        "checksum": "/nix/store/jkaf16j8s5mbjp4qd0h5x6fgwvcgl1d6-gcc-16.2.0-checksum",
        "info": "/nix/store/5xpvv0w06wqn9m2h9yj52va0mxf5xzxi-gcc-16.2.0-info",
        "lib": "/nix/store/na9inwswsrgxxqpqrz3ms78qn7pyxg44-gcc-16.2.0-lib",
        "libgcc": "/nix/store/bylbi6s4mq0gxrw4fwawbhw3ffzhpllf-gcc-16.2.0-libgcc",
        "man": "/nix/store/m1x1hm9mhnx93n3zfkrd33lsvk4zdx1q-gcc-16.2.0-man",
        "out": "/nix/store/70xc727xbli0162ggrmpsysmdw90qcsa-gcc-16.2.0"
      },
      "system": "aarch64-linux",
      "group": "toplevel",
      "priority": 5
    },
    {
      "attr_path": "gcc-unwrapped",
      "broken": false,
      "derivation": "/nix/store/rr1j9pyykfsi6rpvg29g41w4gg1j0k48-gcc-16.2.0.drv",
      "description": "GNU Compiler Collection, version 16.2.0",
      "install_id": "gcc-runtime",
      "license": "GPL-3.0-or-later",
      "locked_url": "https://github.com/flox/nixpkgs?rev=494ce7fd23ff6a5dff39e1fb11e9b6f2ac74bf25",
      "name": "gcc-16.2.0",
      "pname": "gcc-unwrapped",
      "rev": "494ce7fd23ff6a5dff39e1fb11e9b6f2ac74bf25",
      "rev_count": 1085777,
      "rev_date": "2026-10-05T05:43:54Z",
      "scrape_date": "2026-10-06T06:11:15.934979Z",
      "stabilities": [
        "unstable"
      ],
      "unfree": false,
      "version": "16.2.0",
      "outputs_to_install": [
        "man",
        "out",
        "out"
      ],
      "outputs": {
        "checksum": "/nix/store/m093wk48ix49crlpnriyr8lvxpkhnhs7-gcc-16.2.0-checksum",
        "info": "/nix/store/k7s2rdc3gzli5j0g5y6knsfrxm5mwj7a-gcc-16.2.0-info",
        "lib": "/nix/store/j7qx4s4mr17j1wqgvqdzj33lmrnzb387-gcc-16.2.0-lib",
        "libgcc": "/nix/store/q2mkz6ca1alqfqf750dygvakmq8kjrwz-gcc-16.2.0-libgcc",
        "man": "/nix/store/s22n97smsn3ilg8azajj8vv21j4fbis1-gcc-16.2.0-man",
        "out": "/nix/store/5q6bdxkp7lc70gn9mnf4yiybrx8ry5xq-gcc-16.2.0"
      },
      "system": "x86_64-linux",
      "group": "toplevel",
      "priority": 5
    },
    {
      "attr_path": "glibc",
      "broken": false,
      "derivation": "/nix/store/95mll7jlqr18blr7z9zp70cawnp2kjrj-glibc-2.44-25.drv",
      "description": "GNU C Library",
      "install_id": "glibc",
      "license": "LGPL-2.0-or-later",
      "locked_url": "https://github.com/flox/nixpkgs?rev=494ce7fd23ff6a5dff39e1fb11e9b6f2ac74bf25",
      "name": "glibc-2.44-25",
      "pname": "glibc",
      "rev": "494ce7fd23ff6a5dff39e1fb11e9b6f2ac74bf25",
      "rev_count": 1085777,
      "rev_date": "2026-10-05T05:43:54Z",
      "scrape_date": "2026-10-06T05:33:55.391484Z",
      "stabilities": [
        "unstable"
      ],
      "unfree": false,
      "version": "2.44-25",
      "outputs_to_install": [
        "bin",
        "bin"
      ],
      "outputs": {
        "bin": "/nix/store/7ds55fbsssa9ybbmp9i5z87ssalf27y6-glibc-2.44-25-bin",
        "debug": "/nix/store/04bfdci2nji11qmpqlba4xwgj1zfxdvb-glibc-2.44-25-debug",
        "dev": "/nix/store/7cymsp67cnp84xwa7nigdd1hrnqmh0cy-glibc-2.44-25-dev",
        "getent": "/nix/store/qx9x4l3wwlci78j9qijlihy2r711lkna-glibc-2.44-25-getent",
        "out": "/nix/store/hx9wvdx2l59iahwf9nmrx7rwkm6cymgs-glibc-2.44-25",
        "static": "/nix/store/cjq8m4himsrjjvrclbmksc5h5cv7syjz-glibc-2.44-25-static"
      },
      "system": "aarch64-linux",
      "group": "toplevel",
      "priority": 5
    },
    {
      "attr_path": "glibc",
      "broken": false,
      "derivation": "/nix/store/09d60qm2zsaynsl70arr35zj055zdzl3-glibc-2.44-25.drv",
      "description": "GNU C Library",
      "install_id": "glibc",
      "license": "LGPL-2.0-or-later",
      "locked_url": "https://github.com/flox/nixpkgs?rev=494ce7fd23ff6a5dff39e1fb11e9b6f2ac74bf25",
      "name": "glibc-2.44-25",
      "pname": "glibc",
      "rev": "494ce7fd23ff6a5dff39e1fb11e9b6f2ac74bf25",
      "rev_count": 1085777,
      "rev_date": "2026-10-05T05:43:54Z",
      "scrape_date": "2026-10-06T06:11:16.216550Z",
      "stabilities": [
        "unstable"
      ],
      "unfree": false,
      "version": "2.44-25",
      "outputs_to_install": [
        "bin",
        "bin"
      ],
      "outputs": {
        "bin": "/nix/store/srvyqaf88njyqsrs1ajz3hznvdqq8hlw-glibc-2.44-25-bin",
        "debug": "/nix/store/n9ngv70q5a964va3cxfrpcp6nh6n6xxa-glibc-2.44-25-debug",
        "dev": "/nix/store/m38wglsqnh1mrmj2cmqa3pjb6w4yjxdi-glibc-2.44-25-dev",
        "getent": "/nix/store/vmrimyiw0gkkdfx959h7n5p4zsggan9q-glibc-2.44-25-getent",
        "out": "/nix/store/h4wfwic161kxrr74jlzla5lsm28hgary-glibc-2.44-25",
        "static": "/nix/store/d8wz7lxwlkxncvmhp9f4f7xsfnslfsmm-glibc-2.44-25-static"
      },
      "system": "x86_64-linux",
      "group": "toplevel",
      "priority": 5
    },
    {
      "attr_path": "libiconv",
      "broken": false,
      "derivation": "/nix/store/wn8rfldp5rzb3fb5h3bvr5i5aaw13mws-libiconv-115.100.1.drv",
      "description": "Iconv(3) implementation",
      "install_id": "libiconv",
      "license": "[ BSD-2-Clause, BSD-3-Clause, APSL-1.0 ]",
      "locked_url": "https://github.com/flox/nixpkgs?rev=494ce7fd23ff6a5dff39e1fb11e9b6f2ac74bf25",
      "name": "libiconv-115.100.1",
      "pname": "libiconv",
      "rev": "494ce7fd23ff6a5dff39e1fb11e9b6f2ac74bf25",
      "rev_count": 1085777,
      "rev_date": "2026-10-05T05:43:54Z",
      "scrape_date": "2026-10-06T05:00:56.621221Z",
      "stabilities": [
        "unstable"
      ],
      "unfree": false,
      "version": "115.100.1",
      "outputs_to_install": [
        "out"
      ],
      "outputs": {
        "dev": "/nix/store/m24kxdjb0v9gj5f1sbyffh8x7l02jczg-libiconv-115.100.1-dev",
        "out": "/nix/store/fgrxz4hr8f71hkhsddbvk8nxadpg67bv-libiconv-115.100.1"
      },
      "system": "aarch64-darwin",
      "group": "toplevel",
      "priority": 5
    },
    {
      "attr_path": "pkg-config",
      "broken": false,
      "derivation": "/nix/store/a22qq776bswkb299zniys48f3ipik8zj-pkg-config-wrapper-0.29.2.drv",
      "description": "Tool that allows packages to find out information about other packages (wrapper script)",
      "install_id": "pkg-config",
      "license": "GPL-2.0-or-later",
      "locked_url": "https://github.com/flox/nixpkgs?rev=494ce7fd23ff6a5dff39e1fb11e9b6f2ac74bf25",
      "name": "pkg-config-wrapper-0.29.2",
      "pname": "pkg-config",
      "rev": "494ce7fd23ff6a5dff39e1fb11e9b6f2ac74bf25",
      "rev_count": 1085777,
      "rev_date": "2026-10-05T05:43:54Z",
      "scrape_date": "2026-10-06T05:01:17.792579Z",
      "stabilities": [
        "unstable"
      ],
      "unfree": false,
      "version": "0.29.2",
      "outputs_to_install": [
        "man",
        "out"
      ],
      "outputs": {
        "doc": "/nix/store/xzlcs9f8xl9dvnbwifmlfbxy15jq53j1-pkg-config-wrapper-0.29.2-doc",
        "man": "/nix/store/rk4dw0mj2lakbw5hml11mfpmdx9xjzfa-pkg-config-wrapper-0.29.2-man",
        "out": "/nix/store/nhgylvj98klqggy54h7gbc3b2ia4a00y-pkg-config-wrapper-0.29.2"
      },
      "system": "aarch64-darwin",
      "group": "toplevel",
      "priority": 5
    },
    {
      "attr_path": "pkg-config",
      "broken": false,
      "derivation": "/nix/store/ilvys7hiv3s7532ir0rqsxj08dkc8gk0-pkg-config-wrapper-0.29.2.drv",
      "description": "Tool that allows packages to find out information about other packages (wrapper script)",
      "install_id": "pkg-config",
      "license": "GPL-2.0-or-later",
      "locked_url": "https://github.com/flox/nixpkgs?rev=494ce7fd23ff6a5dff39e1fb11e9b6f2ac74bf25",
      "name": "pkg-config-wrapper-0.29.2",
      "pname": "pkg-config",
      "rev": "494ce7fd23ff6a5dff39e1fb11e9b6f2ac74bf25",
      "rev_count": 1085777,
      "rev_date": "2026-10-05T05:43:54Z",
      "scrape_date": "2026-10-06T05:34:51.856460Z",
      "stabilities": [
        "unstable"
      ],
      "unfree": false,
      "version": "0.29.2",
      "outputs_to_install": [
        "man",
        "out",
        "out"
      ],
      "outputs": {
        "doc": "/nix/store/dxpxspf67kl1gydpl3v3f7pxa3l9wyvq-pkg-config-wrapper-0.29.2-doc",
        "man": "/nix/store/8960pp9vb5hx49q3h315hwr33gb0k2k0-pkg-config-wrapper-0.29.2-man",
        "out": "/nix/store/h82n3d0wdrgskdc3yvmz5l3c50h2snvp-pkg-config-wrapper-0.29.2"
      },
      "system": "aarch64-linux",
      "group": "toplevel",
      "priority": 5
    },
    {
      "attr_path": "pkg-config",
      "broken": false,
      "derivation": "/nix/store/bh24jswvl9r4lxbj57vb9ll1r1b16ghf-pkg-config-wrapper-0.29.2.drv",
      "description": "Tool that allows packages to find out information about other packages (wrapper script)",
      "install_id": "pkg-config",
      "license": "GPL-2.0-or-later",
      "locked_url": "https://github.com/flox/nixpkgs?rev=494ce7fd23ff6a5dff39e1fb11e9b6f2ac74bf25",
      "name": "pkg-config-wrapper-0.29.2",
      "pname": "pkg-config",
      "rev": "494ce7fd23ff6a5dff39e1fb11e9b6f2ac74bf25",
      "rev_count": 1085777,
      "rev_date": "2026-10-05T05:43:54Z",
      "scrape_date": "2026-10-06T06:12:16.182223Z",
      "stabilities": [
        "unstable"
      ],
      "unfree": false,
      "version": "0.29.2",
      "outputs_to_install": [
        "man",
        "out",
        "out"
      ],
      "outputs": {
        "doc": "/nix/store/8fsw8ybdnhcif89dmk8pp85ykjpvh3pr-pkg-config-wrapper-0.29.2-doc",
        "man": "/nix/store/c8asqjndyv84qh5y2z84w9np0c369ill-pkg-config-wrapper-0.29.2-man",
        "out": "/nix/store/b9izmrfjp0qnnyahdwwrzdwi87s1h179-pkg-config-wrapper-0.29.2"
      },
      "system": "x86_64-linux",
      "group": "toplevel",
      "priority": 5
    },
    {
      "attr_path": "rustc",
      "broken": false,
      "derivation": "/nix/store/26gh10filknnqy9c6lbb5fmy5icwbv07-rustc-wrapper-1.98.1.drv",
      "description": "Safe, concurrent, practical language (wrapper script)",
      "install_id": "rustc",
      "license": "[ MIT, Apache-2.0 ]",
      "locked_url": "https://github.com/flox/nixpkgs?rev=494ce7fd23ff6a5dff39e1fb11e9b6f2ac74bf25",
      "name": "rustc-wrapper-1.98.1",
      "pname": "rustc",
      "rev": "494ce7fd23ff6a5dff39e1fb11e9b6f2ac74bf25",
      "rev_count": 1085777,
      "rev_date": "2026-10-05T05:43:54Z",
      "scrape_date": "2026-10-06T05:02:19.837650Z",
      "stabilities": [
        "unstable"
      ],
      "unfree": false,
      "version": "1.98.1",
      "outputs_to_install": [
        "man",
        "out"
      ],
      "outputs": {
        "doc": "/nix/store/yhfspxrjqm5ysi79f2y6srsd6y4r1602-rustc-wrapper-1.98.1-doc",
        "man": "/nix/store/52a882rxhl50v46qm10820aa8n5n3xcv-rustc-wrapper-1.98.1-man",
        "out": "/nix/store/yb6wa0sk67mynp3k90lw9jgcdjk9msrs-rustc-wrapper-1.98.1"
      },
      "system": "aarch64-darwin",
      "group": "toplevel",
      "priority": 5
    },
    {
      "attr_path": "rustc",
      "broken": false,
      "derivation": "/nix/store/q3gwq8455jddi29gxwgj7qy15ma5mjac-rustc-wrapper-1.98.1.drv",
      "description": "Safe, concurrent, practical language (wrapper script)",
      "install_id": "rustc",
      "license": "[ MIT, Apache-2.0 ]",
      "locked_url": "https://github.com/flox/nixpkgs?rev=494ce7fd23ff6a5dff39e1fb11e9b6f2ac74bf25",
      "name": "rustc-wrapper-1.98.1",
      "pname": "rustc",
      "rev": "494ce7fd23ff6a5dff39e1fb11e9b6f2ac74bf25",
      "rev_count": 1085777,
      "rev_date": "2026-10-05T05:43:54Z",
      "scrape_date": "2026-10-06T05:36:10.214856Z",
      "stabilities": [
        "unstable"
      ],
      "unfree": false,
      "version": "1.98.1",
      "outputs_to_install": [
        "man",
        "out"
      ],
      "outputs": {
        "doc": "/nix/store/i2iwz1pzzsy8wr9ijq4p3pclqfmzdvkf-rustc-wrapper-1.98.1-doc",
        "man": "/nix/store/r8fchqs0dq0d6hw96jl3n37p0vpkp603-rustc-wrapper-1.98.1-man",
        "out": "/nix/store/8dpmmiq8hdj1z4fvig4ch1mfid0vzrxm-rustc-wrapper-1.98.1"
      },
      "system": "aarch64-linux",
      "group": "toplevel",
      "priority": 5
    },
    {
      "attr_path": "rustc",
      "broken": false,
      "derivation": "/nix/store/naqdjc49z2x6jhkb96y1p6kb4zjpaq3r-rustc-wrapper-1.98.1.drv",
      "description": "Safe, concurrent, practical language (wrapper script)",
      "install_id": "rustc",
      "license": "[ MIT, Apache-2.0 ]",
      "locked_url": "https://github.com/flox/nixpkgs?rev=494ce7fd23ff6a5dff39e1fb11e9b6f2ac74bf25",
      "name": "rustc-wrapper-1.98.1",
      "pname": "rustc",
      "rev": "494ce7fd23ff6a5dff39e1fb11e9b6f2ac74bf25",
      "rev_count": 1085777,
      "rev_date": "2026-10-05T05:43:54Z",
      "scrape_date": "2026-10-06T06:13:34.790185Z",
      "stabilities": [
        "unstable"
      ],
      "unfree": false,
      "version": "1.98.1",
      "outputs_to_install": [
        "man",
        "out"
      ],
      "outputs": {
        "doc": "/nix/store/rf1fpdx7xg9wzvi7fkw9qwnk565n5yci-rustc-wrapper-1.98.1-doc",
        "man": "/nix/store/0y1vday672aw7dp36ms72bcdpdsxdwri-rustc-wrapper-1.98.1-man",
        "out": "/nix/store/hr3npzrq9l029s5hf948by203m6qz3lw-rustc-wrapper-1.98.1"
      },
      "system": "x86_64-linux",
      "group": "toplevel",
      "priority": 5
    }
  ]
}
